
Microsoft Visual Studio Solution File, Format Version 12.00
# Visual Studio 15
VisualStudioVersion = 15.0.28307.705
MinimumVisualStudioVersion = 10.0.40219.1
Project("{FAE04EC0-301F-11D3-BF4B-00C04F79EFBC}") = "SmartReserver.Android", "SmartReserver\SmartReserver.Android\SmartReserver.Android.csproj", "{205EBFAF-D97A-47AC-A954-B7A5A407D2F5}"
EndProject
Project("{FAE04EC0-301F-11D3-BF4B-00C04F79EFBC}") = "SmartReserver", "SmartReserver\SmartReserver\SmartReserver.csproj", "{A7EA1C93-E6F7-4524-B6C3-82AABB6F047B}"
EndProject
Global
	GlobalSection(SolutionConfigurationPlatforms) = preSolution
		Debug|Any CPU = Debug|Any CPU
		Release|Any CPU = Release|Any CPU
	EndGlobalSection
	GlobalSection(ProjectConfigurationPlatforms) = postSolution
		{205EBFAF-D97A-47AC-A954-B7A5A407D2F5}.Debug|Any CPU.ActiveCfg = Debug|Any CPU
		{205EBFAF-D97A-47AC-A954-B7A5A407D2F5}.Debug|Any CPU.Build.0 = Debug|Any CPU
		{205EBFAF-D97A-47AC-A954-B7A5A407D2F5}.Debug|Any CPU.Deploy.0 = Debug|Any CPU
		{205EBFAF-D97A-47AC-A954-B7A5A407D2F5}.Release|Any CPU.ActiveCfg = Release|Any CPU
		{205EBFAF-D97A-47AC-A954-B7A5A407D2F5}.Release|Any CPU.Build.0 = Release|Any CPU
		{205EBFAF-D97A-47AC-A954-B7A5A407D2F5}.Release|Any CPU.Deploy.0 = Release|Any CPU
		{A7EA1C93-E6F7-4524-B6C3-82AABB6F047B}.Debug|Any CPU.ActiveCfg = Debug|Any CPU
		{A7EA1C93-E6F7-4524-B6C3-82AABB6F047B}.Debug|Any CPU.Build.0 = Debug|Any CPU
		{A7EA1C93-E6F7-4524-B6C3-82AABB6F047B}.Debug|Any CPU.Deploy.0 = Debug|Any CPU
		{A7EA1C93-E6F7-4524-B6C3-82AABB6F047B}.Release|Any CPU.ActiveCfg = Release|Any CPU
		{A7EA1C93-E6F7-4524-B6C3-82AABB6F047B}.Release|Any CPU.Build.0 = Release|Any CPU
		{A7EA1C93-E6F7-4524-B6C3-82AABB6F047B}.Release|Any CPU.Deploy.0 = Release|Any CPU
	EndGlobalSection
	GlobalSection(SolutionProperties) = preSolution
		HideSolutionNode = FALSE
	EndGlobalSection
	GlobalSection(ExtensibilityGlobals) = postSolution
		SolutionGuid = {5757053A-D398-41E5-8726-3BD974C69796}
	EndGlobalSection
EndGlobal
